
Microsoft Visual Studio Solution File, Format Version 12.00
# Visual Studio Version 17
VisualStudioVersion = 17.10.35013.160
MinimumVisualStudioVersion = 10.0.40219.1
Project("{9A19103F-16F7-4668-BE54-9A1E7A4F7556}") = "Rythin", "Rythin.csproj", "{E363C770-183F-4D5A-A364-3CEF6C58A94A}"
EndProject
#Project("{8BC9CEB8-8B4A-11D0-8D11-00A0C91BC942}") = "GarbageCollector", "..\GarbageCollector\GarbageCollector.vcxproj", "{2B8B2162-A69C-4497-81AB-8BC1CE6B8DA6}"
EndProject
Global
	GlobalSection(SolutionConfigurationPlatforms) = preSolution
		Debug|Any CPU = Debug|Any CPU
		Debug|x64 = Debug|x64
		Debug|x86 = Debug|x86
		Release|Any CPU = Release|Any CPU
		Release|x64 = Release|x64
		Release|x86 = Release|x86
	EndGlobalSection
	GlobalSection(ProjectConfigurationPlatforms) = postSolution
		{E363C770-183F-4D5A-A364-3CEF6C58A94A}.Debug|Any CPU.ActiveCfg = Debug|Any CPU
		{E363C770-183F-4D5A-A364-3CEF6C58A94A}.Debug|Any CPU.Build.0 = Debug|Any CPU
		{E363C770-183F-4D5A-A364-3CEF6C58A94A}.Debug|x64.ActiveCfg = Debug|Any CPU
		{E363C770-183F-4D5A-A364-3CEF6C58A94A}.Debug|x64.Build.0 = Debug|Any CPU
		{E363C770-183F-4D5A-A364-3CEF6C58A94A}.Debug|x86.ActiveCfg = Debug|Any CPU
		{E363C770-183F-4D5A-A364-3CEF6C58A94A}.Debug|x86.Build.0 = Debug|Any CPU
		{E363C770-183F-4D5A-A364-3CEF6C58A94A}.Release|Any CPU.ActiveCfg = Release|Any CPU
		{E363C770-183F-4D5A-A364-3CEF6C58A94A}.Release|Any CPU.Build.0 = Release|Any CPU
		{E363C770-183F-4D5A-A364-3CEF6C58A94A}.Release|x64.ActiveCfg = Release|Any CPU
		{E363C770-183F-4D5A-A364-3CEF6C58A94A}.Release|x64.Build.0 = Release|Any CPU
		{E363C770-183F-4D5A-A364-3CEF6C58A94A}.Release|x86.ActiveCfg = Release|Any CPU
		{E363C770-183F-4D5A-A364-3CEF6C58A94A}.Release|x86.Build.0 = Release|Any CPU
		{2B8B2162-A69C-4497-81AB-8BC1CE6B8DA6}.Debug|Any CPU.ActiveCfg = Debug|x64
		{2B8B2162-A69C-4497-81AB-8BC1CE6B8DA6}.Debug|Any CPU.Build.0 = Debug|x64
		{2B8B2162-A69C-4497-81AB-8BC1CE6B8DA6}.Debug|x64.ActiveCfg = Debug|x64
		{2B8B2162-A69C-4497-81AB-8BC1CE6B8DA6}.Debug|x64.Build.0 = Debug|x64
		{2B8B2162-A69C-4497-81AB-8BC1CE6B8DA6}.Debug|x86.ActiveCfg = Debug|Win32
		{2B8B2162-A69C-4497-81AB-8BC1CE6B8DA6}.Debug|x86.Build.0 = Debug|Win32
		{2B8B2162-A69C-4497-81AB-8BC1CE6B8DA6}.Release|Any CPU.ActiveCfg = Release|x64
		{2B8B2162-A69C-4497-81AB-8BC1CE6B8DA6}.Release|Any CPU.Build.0 = Release|x64
		{2B8B2162-A69C-4497-81AB-8BC1CE6B8DA6}.Release|x64.ActiveCfg = Release|x64
		{2B8B2162-A69C-4497-81AB-8BC1CE6B8DA6}.Release|x64.Build.0 = Release|x64
		{2B8B2162-A69C-4497-81AB-8BC1CE6B8DA6}.Release|x86.ActiveCfg = Release|Win32
		{2B8B2162-A69C-4497-81AB-8BC1CE6B8DA6}.Release|x86.Build.0 = Release|Win32
	EndGlobalSection
	GlobalSection(SolutionProperties) = preSolution
		HideSolutionNode = FALSE
	EndGlobalSection
	GlobalSection(ExtensibilityGlobals) = postSolution
		SolutionGuid = {D93F53E9-384F-4C9F-A4DE-5CBF2AFACFC1}
	EndGlobalSection
EndGlobal
